{
  "version": 4,
  "terraform_version": "1.15.7",
  "serial": 6,
  "lineage": "8cb237a6-84e2-e2df-ca60-4bebaa4d3fe7",
  "outputs": {
    "network_security_group_name": {
      "value": "terraops-staging-academy-api",
      "type": "string"
    },
    "resource_group_name": {
      "value": "terraops-staging-rg",
      "type": "string"
    },
    "subnet_name": {
      "value": "terraops-staging-public",
      "type": "string"
    },
    "vnet_name": {
      "value": "terraops-staging-vnet",
      "type": "string"
    }
  },
  "resources": [
    {
      "mode": "managed",
      "type": "azurerm_network_security_group",
      "name": "academy_api",
      "provider": "provider[\"registry.terraform.io/hashicorp/azurerm\"]",
      "instances": [
        {
          "schema_version": 0,
          "attributes": {
            "id": "/subscriptions/54d476c3-570c-448b-9408-3f8febb24a15/resourceGroups/terraops-staging-rg/providers/Microsoft.Network/networkSecurityGroups/terraops-staging-academy-api",
            "location": "westeurope",
            "name": "terraops-staging-academy-api",
            "resource_group_name": "terraops-staging-rg",
            "security_rule": [
              {
                "access": "Allow",
                "description": "",
                "destination_address_prefix": "*",
                "destination_address_prefixes": [],
                "destination_application_security_group_ids": [],
                "destination_port_range": "22",
                "destination_port_ranges": [],
                "direction": "Inbound",
                "name": "AllowSSH",
                "priority": 110,
                "protocol": "Tcp",
                "source_address_prefix": "*",
                "source_address_prefixes": [],
                "source_application_security_group_ids": [],
                "source_port_range": "*",
                "source_port_ranges": []
              },
              {
                "access": "Allow",
                "description": "",
                "destination_address_prefix": "*",
                "destination_address_prefixes": [],
                "destination_application_security_group_ids": [],
                "destination_port_range": "80",
                "destination_port_ranges": [],
                "direction": "Inbound",
                "name": "AllowHTTP",
                "priority": 100,
                "protocol": "Tcp",
                "source_address_prefix": "*",
                "source_address_prefixes": [],
                "source_application_security_group_ids": [],
                "source_port_range": "*",
                "source_port_ranges": []
              }
            ],
            "tags": {
              "Environment": "staging",
              "ManagedBy": "terraops"
            },
            "timeouts": null
          },
          "sensitive_attributes": [],
          "identity_schema_version": 0,
          "private": "eyJlMmJmYjczMC1lY2FhLTExZTYtOGY4OC0zNDM2M2JjN2M0YzAiOnsiY3JlYXRlIjoxODAwMDAwMDAwMDAwLCJkZWxldGUiOjE4MDAwMDAwMDAwMDAsInJlYWQiOjMwMDAwMDAwMDAwMCwidXBkYXRlIjoxODAwMDAwMDAwMDAwfX0=",
          "dependencies": [
            "azurerm_resource_group.academy"
          ]
        }
      ]
    },
    {
      "mode": "managed",
      "type": "azurerm_resource_group",
      "name": "academy",
      "provider": "provider[\"registry.terraform.io/hashicorp/azurerm\"]",
      "instances": [
        {
          "schema_version": 0,
          "attributes": {
            "id": "/subscriptions/54d476c3-570c-448b-9408-3f8febb24a15/resourceGroups/terraops-staging-rg",
            "location": "westeurope",
            "managed_by": "",
            "name": "terraops-staging-rg",
            "tags": {
              "Environment": "staging",
              "ManagedBy": "terraops"
            },
            "timeouts": null
          },
          "sensitive_attributes": [],
          "identity_schema_version": 0,
          "private": "eyJlMmJmYjczMC1lY2FhLTExZTYtOGY4OC0zNDM2M2JjN2M0YzAiOnsiY3JlYXRlIjo1NDAwMDAwMDAwMDAwLCJkZWxldGUiOjU0MDAwMDAwMDAwMDAsInJlYWQiOjMwMDAwMDAwMDAwMCwidXBkYXRlIjo1NDAwMDAwMDAwMDAwfX0="
        }
      ]
    },
    {
      "mode": "managed",
      "type": "azurerm_subnet",
      "name": "public",
      "provider": "provider[\"registry.terraform.io/hashicorp/azurerm\"]",
      "instances": [
        {
          "schema_version": 0,
          "attributes": {
            "address_prefixes": [
              "10.31.1.0/24"
            ],
            "default_outbound_access_enabled": true,
            "delegation": [],
            "enforce_private_link_endpoint_network_policies": false,
            "enforce_private_link_service_network_policies": false,
            "id": "/subscriptions/54d476c3-570c-448b-9408-3f8febb24a15/resourceGroups/terraops-staging-rg/providers/Microsoft.Network/virtualNetworks/terraops-staging-vnet/subnets/terraops-staging-public",
            "name": "terraops-staging-public",
            "private_endpoint_network_policies": "Enabled",
            "private_endpoint_network_policies_enabled": true,
            "private_link_service_network_policies_enabled": true,
            "resource_group_name": "terraops-staging-rg",
            "service_endpoint_policy_ids": null,
            "service_endpoints": null,
            "timeouts": null,
            "virtual_network_name": "terraops-staging-vnet"
          },
          "sensitive_attributes": [],
          "identity_schema_version": 0,
          "private": "eyJlMmJmYjczMC1lY2FhLTExZTYtOGY4OC0zNDM2M2JjN2M0YzAiOnsiY3JlYXRlIjoxODAwMDAwMDAwMDAwLCJkZWxldGUiOjE4MDAwMDAwMDAwMDAsInJlYWQiOjMwMDAwMDAwMDAwMCwidXBkYXRlIjoxODAwMDAwMDAwMDAwfX0=",
          "dependencies": [
            "azurerm_resource_group.academy",
            "azurerm_virtual_network.academy"
          ]
        }
      ]
    },
    {
      "mode": "managed",
      "type": "azurerm_subnet_network_security_group_association",
      "name": "public",
      "provider": "provider[\"registry.terraform.io/hashicorp/azurerm\"]",
      "instances": [
        {
          "schema_version": 0,
          "attributes": {
            "id": "/subscriptions/54d476c3-570c-448b-9408-3f8febb24a15/resourceGroups/terraops-staging-rg/providers/Microsoft.Network/virtualNetworks/terraops-staging-vnet/subnets/terraops-staging-public",
            "network_security_group_id": "/subscriptions/54d476c3-570c-448b-9408-3f8febb24a15/resourceGroups/terraops-staging-rg/providers/Microsoft.Network/networkSecurityGroups/terraops-staging-academy-api",
            "subnet_id": "/subscriptions/54d476c3-570c-448b-9408-3f8febb24a15/resourceGroups/terraops-staging-rg/providers/Microsoft.Network/virtualNetworks/terraops-staging-vnet/subnets/terraops-staging-public",
            "timeouts": null
          },
          "sensitive_attributes": [],
          "identity_schema_version": 0,
          "private": "eyJlMmJmYjczMC1lY2FhLTExZTYtOGY4OC0zNDM2M2JjN2M0YzAiOnsiY3JlYXRlIjoxODAwMDAwMDAwMDAwLCJkZWxldGUiOjE4MDAwMDAwMDAwMDAsInJlYWQiOjMwMDAwMDAwMDAwMH19",
          "dependencies": [
            "azurerm_network_security_group.academy_api",
            "azurerm_resource_group.academy",
            "azurerm_subnet.public",
            "azurerm_virtual_network.academy"
          ]
        }
      ]
    },
    {
      "mode": "managed",
      "type": "azurerm_virtual_network",
      "name": "academy",
      "provider": "provider[\"registry.terraform.io/hashicorp/azurerm\"]",
      "instances": [
        {
          "schema_version": 0,
          "attributes": {
            "address_space": [
              "10.31.0.0/16"
            ],
            "bgp_community": "",
            "ddos_protection_plan": [],
            "dns_servers": [],
            "edge_zone": "",
            "encryption": [],
            "flow_timeout_in_minutes": 0,
            "guid": "cb132434-063c-4dc6-ad7d-b6dfe01f81ac",
            "id": "/subscriptions/54d476c3-570c-448b-9408-3f8febb24a15/resourceGroups/terraops-staging-rg/providers/Microsoft.Network/virtualNetworks/terraops-staging-vnet",
            "location": "westeurope",
            "name": "terraops-staging-vnet",
            "resource_group_name": "terraops-staging-rg",
            "subnet": [],
            "tags": {
              "Environment": "staging",
              "ManagedBy": "terraops"
            },
            "timeouts": null
          },
          "sensitive_attributes": [],
          "identity_schema_version": 0,
          "private": "eyJlMmJmYjczMC1lY2FhLTExZTYtOGY4OC0zNDM2M2JjN2M0YzAiOnsiY3JlYXRlIjoxODAwMDAwMDAwMDAwLCJkZWxldGUiOjE4MDAwMDAwMDAwMDAsInJlYWQiOjMwMDAwMDAwMDAwMCwidXBkYXRlIjoxODAwMDAwMDAwMDAwfX0=",
          "dependencies": [
            "azurerm_resource_group.academy"
          ]
        }
      ]
    }
  ],
  "check_results": null
}
